
Microsoft Visual Studio Solution File, Format Version 12.00
# Visual Studio Version 16
VisualStudioVersion = 16.0.28922.388
MinimumVisualStudioVersion = 10.0.40219.1
Project("{FAE04EC0-301F-11D3-BF4B-00C04F79EFBC}") = "Paralel_prog(LAB_2)", "Paralel_prog(LAB_2)\Paralel_prog(LAB_2).csproj", "{3B25B66A-E787-487B-828B-28C2EB43AA07}"
EndProject
Global
	GlobalSection(SolutionConfigurationPlatforms) = preSolution
		Debug|Any CPU = Debug|Any CPU
		Release|Any CPU = Release|Any CPU
	EndGlobalSection
	GlobalSection(ProjectConfigurationPlatforms) = postSolution
		{3B25B66A-E787-487B-828B-28C2EB43AA07}.Debug|Any CPU.ActiveCfg = Debug|Any CPU
		{3B25B66A-E787-487B-828B-28C2EB43AA07}.Debug|Any CPU.Build.0 = Debug|Any CPU
		{3B25B66A-E787-487B-828B-28C2EB43AA07}.Release|Any CPU.ActiveCfg = Release|Any CPU
		{3B25B66A-E787-487B-828B-28C2EB43AA07}.Release|Any CPU.Build.0 = Release|Any CPU
	EndGlobalSection
	GlobalSection(SolutionProperties) = preSolution
		HideSolutionNode = FALSE
	EndGlobalSection
	GlobalSection(ExtensibilityGlobals) = postSolution
		SolutionGuid = {E391560F-BE03-4B12-86A3-E04EEC68E935}
	EndGlobalSection
EndGlobal
